
Microsoft Visual Studio Solution File, Format Version 12.00
# Visual Studio Version 17
VisualStudioVersion = 17.14.36310.24 d17.14
MinimumVisualStudioVersion = 10.0.40219.1
Project("{FAE04EC0-301F-11D3-BF4B-00C04F79EFBC}") = "Hotel Luxe", "Hotel Luxe.csproj", "{E1C90EA2-05B3-45F6-9500-700F2FE0A88C}"
EndProject
Global
	GlobalSection(SolutionConfigurationPlatforms) = preSolution
		Debug|Any CPU = Debug|Any CPU
		Release|Any CPU = Release|Any CPU
	EndGlobalSection
	GlobalSection(ProjectConfigurationPlatforms) = postSolution
		{E1C90EA2-05B3-45F6-9500-700F2FE0A88C}.Debug|Any CPU.ActiveCfg = Debug|Any CPU
		{E1C90EA2-05B3-45F6-9500-700F2FE0A88C}.Debug|Any CPU.Build.0 = Debug|Any CPU
		{E1C90EA2-05B3-45F6-9500-700F2FE0A88C}.Release|Any CPU.ActiveCfg = Release|Any CPU
		{E1C90EA2-05B3-45F6-9500-700F2FE0A88C}.Release|Any CPU.Build.0 = Release|Any CPU
	EndGlobalSection
	GlobalSection(SolutionProperties) = preSolution
		HideSolutionNode = FALSE
	EndGlobalSection
	GlobalSection(ExtensibilityGlobals) = postSolution
		SolutionGuid = {C0557E1A-A1C7-4078-AFE9-30F9801D2359}
	EndGlobalSection
EndGlobal
